<?xml version="1.0" encoding="utf-8"?>
<Project ToolsVersion="4.0" xmlns="http://schemas.microsoft.com/developer/msbuild/2003">
  <ItemGroup>
    <Filter Include="Source Files">
      <UniqueIdentifier>{4FC737F1-C7A5-4376-A066-2A32D752A2FF}</UniqueIdentifier>
      <Extensions>cpp;c;cc;cxx;def;odl;idl;hpj;bat;asm;asmx</Extensions>
    </Filter>
    <Filter Include="Header Files">
      <UniqueIdentifier>{93995380-89BD-4b04-88EB-625FBE52EBFB}</UniqueIdentifier>
      <Extensions>h;hh;hpp;hxx;hm;inl;inc;xsd</Extensions>
    </Filter>
    <Filter Include="Resource Files">
      <UniqueIdentifier>{67DA6AB6-F800-4c08-8B7A-83BB121AAD01}</UniqueIdentifier>
      <Extensions>rc;ico;cur;bmp;dlg;rc2;rct;bin;rgs;gif;jpg;jpeg;jpe;resx;tiff;tif;png;wav;mfcribbon-ms</Extensions>
    </Filter>
  </ItemGroup>
  <ItemGroup>
    <ClCompile Include="ESP32_Aqua_LEDStrip.ino" />
    <ClCompile Include="src\AWM_Logging.h">
      <Filter>Header Files</Filter>
    </ClCompile>
    <ClCompile Include="src\ESPWiFiManagerAP.cpp">
      <Filter>Source Files</Filter>
    </ClCompile>
    <ClCompile Include="src\ESPWiFiManagerAP.h">
      <Filter>Header Files</Filter>
    </ClCompile>
    <ClCompile Include="src\ESPWiFiManagerSTA.cpp">
      <Filter>Source Files</Filter>
    </ClCompile>
    <ClCompile Include="src\ESPWiFiManagerCommon.cpp">
      <Filter>Source Files</Filter>
    </ClCompile>
    <ClCompile Include="src\AquaConfig.cpp">
      <Filter>Source Files</Filter>
    </ClCompile>
    <ClCompile Include="src\AquaClock.cpp">
      <Filter>Source Files</Filter>
    </ClCompile>
    <ClCompile Include="src\AquaController.cpp">
      <Filter>Source Files</Filter>
    </ClCompile>
  </ItemGroup>
  <ItemGroup>
    <ClInclude Include="__vm\.ESP32_Aqua_LEDStrip.vsarduino.h">
      <Filter>Header Files</Filter>
    </ClInclude>
    <ClInclude Include="src\ESPWiFiManagerSTA.h">
      <Filter>Header Files</Filter>
    </ClInclude>
    <ClInclude Include="src\ESPWiFiManagerCommon.h">
      <Filter>Header Files</Filter>
    </ClInclude>
    <ClInclude Include="src\AquaConfig.h">
      <Filter>Header Files</Filter>
    </ClInclude>
    <ClInclude Include="src\AquaClock.h">
      <Filter>Header Files</Filter>
    </ClInclude>
    <ClInclude Include="src\AquaController.h">
      <Filter>Header Files</Filter>
    </ClInclude>
  </ItemGroup>
  <ItemGroup>
    <None Include=".github\copilot-instructions.md" />
    <None Include="data\error.html" />
    <None Include="data\indexAP.html" />
    <None Include="data\indexSTA.html" />
    <None Include="data\success.html" />
    <None Include="data\WifiManager.css" />
    <None Include="README.md" />
    <None Include="LittleFS.ps1" />
    <None Include="partitions.csv" />
    <None Include="data\settings.html" />
    <None Include="data\led.html" />
    <None Include="data\config.html" />
    <None Include="App-OTA.ps1" />
    <None Include="Firmware-OTA.ps1" />
    <None Include="LittleFS-OTA.ps1" />
  </ItemGroup>
  <ItemGroup>
    <Text Include="board.txt" />
  </ItemGroup>
</Project>